
Microsoft Visual Studio Solution File, Format Version 12.00
# Visual Studio Version 17
VisualStudioVersion = 17.11.35327.3
MinimumVisualStudioVersion = 10.0.40219.1
Project("{FAE04EC0-301F-11D3-BF4B-00C04F79EFBC}") = "01_MainSubjects", "01_MainSubjects\01_MainSubjects.csproj", "{5B46496C-E259-4C06-A21E-0291631C2FD8}"
EndProject
Project("{FAE04EC0-301F-11D3-BF4B-00C04F79EFBC}") = "02_Variables", "02_Variables\02_Variables.csproj", "{7BF0759D-ABE3-4F55-80F7-9D23212C9AFD}"
EndProject
Project("{FAE04EC0-301F-11D3-BF4B-00C04F79EFBC}") = "03_MakingDecision", "03_MakingDecision\03_MakingDecision.csproj", "{1F8F0184-A2B2-499A-B3E0-11CEAC4FA666}"
EndProject
Global
	GlobalSection(SolutionConfigurationPlatforms) = preSolution
		Debug|Any CPU = Debug|Any CPU
		Release|Any CPU = Release|Any CPU
	EndGlobalSection
	GlobalSection(ProjectConfigurationPlatforms) = postSolution
		{5B46496C-E259-4C06-A21E-0291631C2FD8}.Debug|Any CPU.ActiveCfg = Debug|Any CPU
		{5B46496C-E259-4C06-A21E-0291631C2FD8}.Debug|Any CPU.Build.0 = Debug|Any CPU
		{5B46496C-E259-4C06-A21E-0291631C2FD8}.Release|Any CPU.ActiveCfg = Release|Any CPU
		{5B46496C-E259-4C06-A21E-0291631C2FD8}.Release|Any CPU.Build.0 = Release|Any CPU
		{7BF0759D-ABE3-4F55-80F7-9D23212C9AFD}.Debug|Any CPU.ActiveCfg = Debug|Any CPU
		{7BF0759D-ABE3-4F55-80F7-9D23212C9AFD}.Debug|Any CPU.Build.0 = Debug|Any CPU
		{7BF0759D-ABE3-4F55-80F7-9D23212C9AFD}.Release|Any CPU.ActiveCfg = Release|Any CPU
		{7BF0759D-ABE3-4F55-80F7-9D23212C9AFD}.Release|Any CPU.Build.0 = Release|Any CPU
		{1F8F0184-A2B2-499A-B3E0-11CEAC4FA666}.Debug|Any CPU.ActiveCfg = Debug|Any CPU
		{1F8F0184-A2B2-499A-B3E0-11CEAC4FA666}.Debug|Any CPU.Build.0 = Debug|Any CPU
		{1F8F0184-A2B2-499A-B3E0-11CEAC4FA666}.Release|Any CPU.ActiveCfg = Release|Any CPU
		{1F8F0184-A2B2-499A-B3E0-11CEAC4FA666}.Release|Any CPU.Build.0 = Release|Any CPU
	EndGlobalSection
	GlobalSection(SolutionProperties) = preSolution
		HideSolutionNode = FALSE
	EndGlobalSection
	GlobalSection(ExtensibilityGlobals) = postSolution
		SolutionGuid = {81DA0C44-1F82-44BE-9562-E85A3099CB28}
	EndGlobalSection
EndGlobal
